
Microsoft Visual Studio Solution File, Format Version 12.00
# Visual Studio Version 16
VisualStudioVersion = 16.0.29926.136
MinimumVisualStudioVersion = 10.0.40219.1
Project("{FAE04EC0-301F-11D3-BF4B-00C04F79EFBC}") = "AbpVueCli", "AbpVueCli\AbpVueCli.csproj", "{3E946C73-B4BE-4D5B-8C68-030C052F0E60}"
EndProject
Global
	GlobalSection(SolutionConfigurationPlatforms) = preSolution
		Debug|Any CPU = Debug|Any CPU
		Release|Any CPU = Release|Any CPU
	EndGlobalSection
	GlobalSection(ProjectConfigurationPlatforms) = postSolution
		{3E946C73-B4BE-4D5B-8C68-030C052F0E60}.Debug|Any CPU.ActiveCfg = Debug|Any CPU
		{3E946C73-B4BE-4D5B-8C68-030C052F0E60}.Debug|Any CPU.Build.0 = Debug|Any CPU
		{3E946C73-B4BE-4D5B-8C68-030C052F0E60}.Release|Any CPU.ActiveCfg = Release|Any CPU
		{3E946C73-B4BE-4D5B-8C68-030C052F0E60}.Release|Any CPU.Build.0 = Release|Any CPU
	EndGlobalSection
	GlobalSection(SolutionProperties) = preSolution
		HideSolutionNode = FALSE
	EndGlobalSection
	GlobalSection(ExtensibilityGlobals) = postSolution
		SolutionGuid = {817FFB86-55DD-4391-A099-12CC163BACFB}
	EndGlobalSection
EndGlobal
